<?xml version="1.0" encoding="utf-8"?>
<Project ToolsVersion="4.0" xmlns="http://schemas.microsoft.com/developer/msbuild/2003">
  <ItemGroup>
    <Filter Include="window">
      <UniqueIdentifier>{831abe58-83ee-4314-895a-d13ca82942f9}</UniqueIdentifier>
    </Filter>
    <Filter Include="input">
      <UniqueIdentifier>{f4c432fa-e357-4c7c-8393-042962849e68}</UniqueIdentifier>
    </Filter>
    <Filter Include="shader">
      <UniqueIdentifier>{f6c860d5-6e9b-4a0e-bd67-021f2554bfbc}</UniqueIdentifier>
    </Filter>
    <Filter Include="shader\ui">
      <UniqueIdentifier>{0bd30f02-70f8-4245-a3fc-95ae978ab482}</UniqueIdentifier>
    </Filter>
    <Filter Include="shader\text rendering">
      <UniqueIdentifier>{061e7299-dee0-405f-a277-eead72af8d5d}</UniqueIdentifier>
    </Filter>
    <Filter Include="shader\debug">
      <UniqueIdentifier>{892e9e80-160c-4995-8408-28e64f24267a}</UniqueIdentifier>
    </Filter>
    <Filter Include="shader\model">
      <UniqueIdentifier>{4662a48d-4340-49b2-aef9-4693ef39764b}</UniqueIdentifier>
    </Filter>
  </ItemGroup>
  <ItemGroup>
    <ClCompile Include="win_window.cpp">
      <Filter>window</Filter>
    </ClCompile>
    <ClCompile Include="main.cpp" />
    <ClCompile Include="win_input.cpp">
      <Filter>input</Filter>
    </ClCompile>
    <ClCompile Include="glad.c" />
    <ClCompile Include="win_shader.cpp">
      <Filter>shader</Filter>
    </ClCompile>
  </ItemGroup>
  <ItemGroup>
    <ClInclude Include="win_window.h">
      <Filter>window</Filter>
    </ClInclude>
    <ClInclude Include="win_input.h">
      <Filter>input</Filter>
    </ClInclude>
    <ClInclude Include="win_shader.h">
      <Filter>shader</Filter>
    </ClInclude>
  </ItemGroup>
  <ItemGroup>
    <None Include="background_frag_win.glsl">
      <Filter>shader\ui</Filter>
    </None>
    <None Include="color_ui_frag_win.glsl">
      <Filter>shader\ui</Filter>
    </None>
    <None Include="textShader_vert_win.glsl">
      <Filter>shader\text rendering</Filter>
    </None>
    <None Include="textShader_frag_win.glsl">
      <Filter>shader\text rendering</Filter>
    </None>
    <None Include="debug_vert_win.glsl">
      <Filter>shader\debug</Filter>
    </None>
    <None Include="debug_frag_win.glsl">
      <Filter>shader\debug</Filter>
    </None>
    <None Include="default_ui_frag_win.glsl">
      <Filter>shader\ui</Filter>
    </None>
    <None Include="default_ui_vert_win.glsl">
      <Filter>shader\ui</Filter>
    </None>
    <None Include="default_frag_win.glsl">
      <Filter>shader\model</Filter>
    </None>
    <None Include="default_vert_win.glsl">
      <Filter>shader\model</Filter>
    </None>
  </ItemGroup>
</Project>